
Microsoft Visual Studio Solution File, Format Version 12.00
# Visual Studio Version 17
VisualStudioVersion = 17.14.36518.9 d17.14
MinimumVisualStudioVersion = 10.0.40219.1
Project("{FAE04EC0-301F-11D3-BF4B-00C04F79EFBC}") = "PROJ-07", "PROJ-07\PROJ-07.csproj", "{7ACBB5E9-1A9A-4B90-A434-F9E42C551DC9}"
EndProject
Global
	GlobalSection(SolutionConfigurationPlatforms) = preSolution
		Debug|Any CPU = Debug|Any CPU
		Release|Any CPU = Release|Any CPU
	EndGlobalSection
	GlobalSection(ProjectConfigurationPlatforms) = postSolution
		{7ACBB5E9-1A9A-4B90-A434-F9E42C551DC9}.Debug|Any CPU.ActiveCfg = Debug|Any CPU
		{7ACBB5E9-1A9A-4B90-A434-F9E42C551DC9}.Debug|Any CPU.Build.0 = Debug|Any CPU
		{7ACBB5E9-1A9A-4B90-A434-F9E42C551DC9}.Release|Any CPU.ActiveCfg = Release|Any CPU
		{7ACBB5E9-1A9A-4B90-A434-F9E42C551DC9}.Release|Any CPU.Build.0 = Release|Any CPU
	EndGlobalSection
	GlobalSection(SolutionProperties) = preSolution
		HideSolutionNode = FALSE
	EndGlobalSection
	GlobalSection(ExtensibilityGlobals) = postSolution
		SolutionGuid = {FEDC4081-4A0C-4E92-B33E-347000D604E7}
	EndGlobalSection
EndGlobal
